
Microsoft Visual Studio Solution File, Format Version 12.00
# Visual Studio Version 16
VisualStudioVersion = 16.0.30717.126
MinimumVisualStudioVersion = 10.0.40219.1
Project("{8BC9CEB8-8B4A-11D0-8D11-00A0C91BC942}") = "Day1-ReportRepair", "Day1-ReportRepair\ReportRepair.vcxproj", "{D8ABF92A-1C1E-4D23-BEBF-C2B96F64D5A3}"
EndProject
Project("{8BC9CEB8-8B4A-11D0-8D11-00A0C91BC942}") = "Utils", "Utils\Utils.vcxproj", "{EB8B3AE1-C5BD-4A20-B329-608235C0AD5C}"
EndProject
Project("{8BC9CEB8-8B4A-11D0-8D11-00A0C91BC942}") = "Day2-PasswordPhilosophy", "Day2-PasswordPhilosophy\PasswordPhilosophy.vcxproj", "{9B523F46-095D-4170-9A52-54F5AE25B8DD}"
EndProject
Project("{8BC9CEB8-8B4A-11D0-8D11-00A0C91BC942}") = "Day3-TobogganTrajectory", "Day3-TobogganTrajectory\TobogganTrajectory.vcxproj", "{B9466117-7823-454C-ADDB-8C9106AB86F0}"
EndProject
Project("{8BC9CEB8-8B4A-11D0-8D11-00A0C91BC942}") = "Day4-PassportProcessing", "Day4-PassportProcessing\Day4-PassportProcessing.vcxproj", "{53CA8282-7E84-4292-A6D0-CBC5C9B72EE2}"
EndProject
Project("{8BC9CEB8-8B4A-11D0-8D11-00A0C91BC942}") = "Day5-BinaryBoarding", "Day5-BinaryBoarding\Day5-BinaryBoarding.vcxproj", "{12E34224-6B30-4ADA-88B8-C42E73C8C4BB}"
EndProject
Project("{8BC9CEB8-8B4A-11D0-8D11-00A0C91BC942}") = "Day6-CustomCustoms", "Day6-CustomCustoms\Day6-CustomCustoms.vcxproj", "{1758E2CB-9C3E-4529-B7C7-BA35F271FDE9}"
EndProject
Project("{8BC9CEB8-8B4A-11D0-8D11-00A0C91BC942}") = "Day7-HandyHaversacks", "Day7-HandyHaversacks\Day7-HandyHaversacks.vcxproj", "{94C32333-E330-43FC-89E1-B6668B8EA930}"
EndProject
Project("{8BC9CEB8-8B4A-11D0-8D11-00A0C91BC942}") = "Day8-HandheldHalting", "Day8-HandheldHalting\Day8-HandheldHalting.vcxproj", "{D14B93A3-CAE4-4D8E-A357-3374AEBA915A}"
EndProject
Project("{8BC9CEB8-8B4A-11D0-8D11-00A0C91BC942}") = "Day9-EncodingError", "Day9-EncodingError\Day9-EncodingError.vcxproj", "{3301E927-8751-4F5E-A885-A1A4C22EEBAB}"
EndProject
Project("{8BC9CEB8-8B4A-11D0-8D11-00A0C91BC942}") = "Day10-AdapterArray", "Day10-AdapterArray\Day10-AdapterArray.vcxproj", "{D02E7CAA-BB62-4C76-8118-9BB4BEE28B52}"
EndProject
Project("{8BC9CEB8-8B4A-11D0-8D11-00A0C91BC942}") = "Day11-SeatingSystem", "Day11-SeatingSystem\Day11-SeatingSystem.vcxproj", "{EAF622D4-05A6-44BD-A861-A1F7A868C6E2}"
EndProject
Project("{8BC9CEB8-8B4A-11D0-8D11-00A0C91BC942}") = "Day12-RainRisk", "Day12-RainRisk\Day12-RainRisk.vcxproj", "{05E71FF4-691A-4BFB-A7DE-A5D30CAE863C}"
EndProject
Project("{8BC9CEB8-8B4A-11D0-8D11-00A0C91BC942}") = "Day13-ShuttleSearch", "Day13-ShuttleSearch\Day13-ShuttleSearch.vcxproj", "{4F1974AA-5D07-4D84-B387-DE72544DE871}"
EndProject
Project("{8BC9CEB8-8B4A-11D0-8D11-00A0C91BC942}") = "Day14-DockingData", "Day14-DockingData\Day14-DockingData.vcxproj", "{6BBED0D8-F6D6-45F8-A959-01FDD1160F77}"
EndProject
Project("{8BC9CEB8-8B4A-11D0-8D11-00A0C91BC942}") = "Day15-RambunctiousRecitation", "Day15-RambunctiousRecitation\Day15-RambunctiousRecitation.vcxproj", "{70B37454-79B8-4D8B-A5CA-CD72CBE68583}"
EndProject
Project("{8BC9CEB8-8B4A-11D0-8D11-00A0C91BC942}") = "Day16-TicketTranslation", "Day16-TicketTranslation\Day16-TicketTranslation.vcxproj", "{8AAD7591-7D04-4DF3-B5FD-586B0BCAFD0D}"
EndProject
Project("{8BC9CEB8-8B4A-11D0-8D11-00A0C91BC942}") = "Day17-ConwayCubes", "Day17-ConwayCubes\Day17-ConwayCubes.vcxproj", "{055A1BC4-3129-41EB-BB45-ABBFF8B2DC31}"
EndProject
Project("{8BC9CEB8-8B4A-11D0-8D11-00A0C91BC942}") = "Day18-OperationOrder", "Day18-OperationOrder\Day18-OperationOrder.vcxproj", "{C501304F-D378-40C3-86DC-82E54D0B9233}"
EndProject
Project("{8BC9CEB8-8B4A-11D0-8D11-00A0C91BC942}") = "Day19-MonsterMessages", "Day19-MonsterMessages\Day19-MonsterMessages.vcxproj", "{539C2480-7136-4CB3-90C5-8512B16A4E44}"
EndProject
Project("{8BC9CEB8-8B4A-11D0-8D11-00A0C91BC942}") = "Day20-JurassicJigsaw", "Day20-JurassicJigsaw\Day20-JurassicJigsaw.vcxproj", "{06E793AE-3EE7-43D0-A889-E2CD3A7541CB}"
EndProject
Global
	GlobalSection(SolutionConfigurationPlatforms) = preSolution
		Debug|x64 = Debug|x64
		Debug|x86 = Debug|x86
		Release|x64 = Release|x64
		Release|x86 = Release|x86
	EndGlobalSection
	GlobalSection(ProjectConfigurationPlatforms) = postSolution
		{D8ABF92A-1C1E-4D23-BEBF-C2B96F64D5A3}.Debug|x64.ActiveCfg = Debug|x64
		{D8ABF92A-1C1E-4D23-BEBF-C2B96F64D5A3}.Debug|x64.Build.0 = Debug|x64
		{D8ABF92A-1C1E-4D23-BEBF-C2B96F64D5A3}.Debug|x86.ActiveCfg = Debug|Win32
		{D8ABF92A-1C1E-4D23-BEBF-C2B96F64D5A3}.Debug|x86.Build.0 = Debug|Win32
		{D8ABF92A-1C1E-4D23-BEBF-C2B96F64D5A3}.Release|x64.ActiveCfg = Release|x64
		{D8ABF92A-1C1E-4D23-BEBF-C2B96F64D5A3}.Release|x64.Build.0 = Release|x64
		{D8ABF92A-1C1E-4D23-BEBF-C2B96F64D5A3}.Release|x86.ActiveCfg = Release|Win32
		{D8ABF92A-1C1E-4D23-BEBF-C2B96F64D5A3}.Release|x86.Build.0 = Release|Win32
		{EB8B3AE1-C5BD-4A20-B329-608235C0AD5C}.Debug|x64.ActiveCfg = Debug|x64
		{EB8B3AE1-C5BD-4A20-B329-608235C0AD5C}.Debug|x64.Build.0 = Debug|x64
		{EB8B3AE1-C5BD-4A20-B329-608235C0AD5C}.Debug|x86.ActiveCfg = Debug|Win32
		{EB8B3AE1-C5BD-4A20-B329-608235C0AD5C}.Debug|x86.Build.0 = Debug|Win32
		{EB8B3AE1-C5BD-4A20-B329-608235C0AD5C}.Release|x64.ActiveCfg = Release|x64
		{EB8B3AE1-C5BD-4A20-B329-608235C0AD5C}.Release|x64.Build.0 = Release|x64
		{EB8B3AE1-C5BD-4A20-B329-608235C0AD5C}.Release|x86.ActiveCfg = Release|Win32
		{EB8B3AE1-C5BD-4A20-B329-608235C0AD5C}.Release|x86.Build.0 = Release|Win32
		{9B523F46-095D-4170-9A52-54F5AE25B8DD}.Debug|x64.ActiveCfg = Debug|x64
		{9B523F46-095D-4170-9A52-54F5AE25B8DD}.Debug|x64.Build.0 = Debug|x64
		{9B523F46-095D-4170-9A52-54F5AE25B8DD}.Debug|x86.ActiveCfg = Debug|Win32
		{9B523F46-095D-4170-9A52-54F5AE25B8DD}.Debug|x86.Build.0 = Debug|Win32
		{9B523F46-095D-4170-9A52-54F5AE25B8DD}.Release|x64.ActiveCfg = Release|x64
		{9B523F46-095D-4170-9A52-54F5AE25B8DD}.Release|x64.Build.0 = Release|x64
		{9B523F46-095D-4170-9A52-54F5AE25B8DD}.Release|x86.ActiveCfg = Release|Win32
		{9B523F46-095D-4170-9A52-54F5AE25B8DD}.Release|x86.Build.0 = Release|Win32
		{B9466117-7823-454C-ADDB-8C9106AB86F0}.Debug|x64.ActiveCfg = Debug|x64
		{B9466117-7823-454C-ADDB-8C9106AB86F0}.Debug|x64.Build.0 = Debug|x64
		{B9466117-7823-454C-ADDB-8C9106AB86F0}.Debug|x86.ActiveCfg = Debug|Win32
		{B9466117-7823-454C-ADDB-8C9106AB86F0}.Debug|x86.Build.0 = Debug|Win32
		{B9466117-7823-454C-ADDB-8C9106AB86F0}.Release|x64.ActiveCfg = Release|x64
		{B9466117-7823-454C-ADDB-8C9106AB86F0}.Release|x64.Build.0 = Release|x64
		{B9466117-7823-454C-ADDB-8C9106AB86F0}.Release|x86.ActiveCfg = Release|Win32
		{B9466117-7823-454C-ADDB-8C9106AB86F0}.Release|x86.Build.0 = Release|Win32
		{53CA8282-7E84-4292-A6D0-CBC5C9B72EE2}.Debug|x64.ActiveCfg = Debug|x64
		{53CA8282-7E84-4292-A6D0-CBC5C9B72EE2}.Debug|x64.Build.0 = Debug|x64
		{53CA8282-7E84-4292-A6D0-CBC5C9B72EE2}.Debug|x86.ActiveCfg = Debug|Win32
		{53CA8282-7E84-4292-A6D0-CBC5C9B72EE2}.Debug|x86.Build.0 = Debug|Win32
		{53CA8282-7E84-4292-A6D0-CBC5C9B72EE2}.Release|x64.ActiveCfg = Release|x64
		{53CA8282-7E84-4292-A6D0-CBC5C9B72EE2}.Release|x64.Build.0 = Release|x64
		{53CA8282-7E84-4292-A6D0-CBC5C9B72EE2}.Release|x86.ActiveCfg = Release|Win32
		{53CA8282-7E84-4292-A6D0-CBC5C9B72EE2}.Release|x86.Build.0 = Release|Win32
		{12E34224-6B30-4ADA-88B8-C42E73C8C4BB}.Debug|x64.ActiveCfg = Debug|x64
		{12E34224-6B30-4ADA-88B8-C42E73C8C4BB}.Debug|x64.Build.0 = Debug|x64
		{12E34224-6B30-4ADA-88B8-C42E73C8C4BB}.Debug|x86.ActiveCfg = Debug|Win32
		{12E34224-6B30-4ADA-88B8-C42E73C8C4BB}.Debug|x86.Build.0 = Debug|Win32
		{12E34224-6B30-4ADA-88B8-C42E73C8C4BB}.Release|x64.ActiveCfg = Release|x64
		{12E34224-6B30-4ADA-88B8-C42E73C8C4BB}.Release|x64.Build.0 = Release|x64
		{12E34224-6B30-4ADA-88B8-C42E73C8C4BB}.Release|x86.ActiveCfg = Release|Win32
		{12E34224-6B30-4ADA-88B8-C42E73C8C4BB}.Release|x86.Build.0 = Release|Win32
		{1758E2CB-9C3E-4529-B7C7-BA35F271FDE9}.Debug|x64.ActiveCfg = Debug|x64
		{1758E2CB-9C3E-4529-B7C7-BA35F271FDE9}.Debug|x64.Build.0 = Debug|x64
		{1758E2CB-9C3E-4529-B7C7-BA35F271FDE9}.Debug|x86.ActiveCfg = Debug|Win32
		{1758E2CB-9C3E-4529-B7C7-BA35F271FDE9}.Debug|x86.Build.0 = Debug|Win32
		{1758E2CB-9C3E-4529-B7C7-BA35F271FDE9}.Release|x64.ActiveCfg = Release|x64
		{1758E2CB-9C3E-4529-B7C7-BA35F271FDE9}.Release|x64.Build.0 = Release|x64
		{1758E2CB-9C3E-4529-B7C7-BA35F271FDE9}.Release|x86.ActiveCfg = Release|Win32
		{1758E2CB-9C3E-4529-B7C7-BA35F271FDE9}.Release|x86.Build.0 = Release|Win32
		{94C32333-E330-43FC-89E1-B6668B8EA930}.Debug|x64.ActiveCfg = Debug|x64
		{94C32333-E330-43FC-89E1-B6668B8EA930}.Debug|x64.Build.0 = Debug|x64
		{94C32333-E330-43FC-89E1-B6668B8EA930}.Debug|x86.ActiveCfg = Debug|Win32
		{94C32333-E330-43FC-89E1-B6668B8EA930}.Debug|x86.Build.0 = Debug|Win32
		{94C32333-E330-43FC-89E1-B6668B8EA930}.Release|x64.ActiveCfg = Release|x64
		{94C32333-E330-43FC-89E1-B6668B8EA930}.Release|x64.Build.0 = Release|x64
		{94C32333-E330-43FC-89E1-B6668B8EA930}.Release|x86.ActiveCfg = Release|Win32
		{94C32333-E330-43FC-89E1-B6668B8EA930}.Release|x86.Build.0 = Release|Win32
		{D14B93A3-CAE4-4D8E-A357-3374AEBA915A}.Debug|x64.ActiveCfg = Debug|x64
		{D14B93A3-CAE4-4D8E-A357-3374AEBA915A}.Debug|x64.Build.0 = Debug|x64
		{D14B93A3-CAE4-4D8E-A357-3374AEBA915A}.Debug|x86.ActiveCfg = Debug|Win32
		{D14B93A3-CAE4-4D8E-A357-3374AEBA915A}.Debug|x86.Build.0 = Debug|Win32
		{D14B93A3-CAE4-4D8E-A357-3374AEBA915A}.Release|x64.ActiveCfg = Release|x64
		{D14B93A3-CAE4-4D8E-A357-3374AEBA915A}.Release|x64.Build.0 = Release|x64
		{D14B93A3-CAE4-4D8E-A357-3374AEBA915A}.Release|x86.ActiveCfg = Release|Win32
		{D14B93A3-CAE4-4D8E-A357-3374AEBA915A}.Release|x86.Build.0 = Release|Win32
		{3301E927-8751-4F5E-A885-A1A4C22EEBAB}.Debug|x64.ActiveCfg = Debug|x64
		{3301E927-8751-4F5E-A885-A1A4C22EEBAB}.Debug|x64.Build.0 = Debug|x64
		{3301E927-8751-4F5E-A885-A1A4C22EEBAB}.Debug|x86.ActiveCfg = Debug|Win32
		{3301E927-8751-4F5E-A885-A1A4C22EEBAB}.Debug|x86.Build.0 = Debug|Win32
		{3301E927-8751-4F5E-A885-A1A4C22EEBAB}.Release|x64.ActiveCfg = Release|x64
		{3301E927-8751-4F5E-A885-A1A4C22EEBAB}.Release|x64.Build.0 = Release|x64
		{3301E927-8751-4F5E-A885-A1A4C22EEBAB}.Release|x86.ActiveCfg = Release|Win32
		{3301E927-8751-4F5E-A885-A1A4C22EEBAB}.Release|x86.Build.0 = Release|Win32
		{D02E7CAA-BB62-4C76-8118-9BB4BEE28B52}.Debug|x64.ActiveCfg = Debug|x64
		{D02E7CAA-BB62-4C76-8118-9BB4BEE28B52}.Debug|x64.Build.0 = Debug|x64
		{D02E7CAA-BB62-4C76-8118-9BB4BEE28B52}.Debug|x86.ActiveCfg = Debug|Win32
		{D02E7CAA-BB62-4C76-8118-9BB4BEE28B52}.Debug|x86.Build.0 = Debug|Win32
		{D02E7CAA-BB62-4C76-8118-9BB4BEE28B52}.Release|x64.ActiveCfg = Release|x64
		{D02E7CAA-BB62-4C76-8118-9BB4BEE28B52}.Release|x64.Build.0 = Release|x64
		{D02E7CAA-BB62-4C76-8118-9BB4BEE28B52}.Release|x86.ActiveCfg = Release|Win32
		{D02E7CAA-BB62-4C76-8118-9BB4BEE28B52}.Release|x86.Build.0 = Release|Win32
		{EAF622D4-05A6-44BD-A861-A1F7A868C6E2}.Debug|x64.ActiveCfg = Debug|x64
		{EAF622D4-05A6-44BD-A861-A1F7A868C6E2}.Debug|x64.Build.0 = Debug|x64
		{EAF622D4-05A6-44BD-A861-A1F7A868C6E2}.Debug|x86.ActiveCfg = Debug|Win32
		{EAF622D4-05A6-44BD-A861-A1F7A868C6E2}.Debug|x86.Build.0 = Debug|Win32
		{EAF622D4-05A6-44BD-A861-A1F7A868C6E2}.Release|x64.ActiveCfg = Release|x64
		{EAF622D4-05A6-44BD-A861-A1F7A868C6E2}.Release|x64.Build.0 = Release|x64
		{EAF622D4-05A6-44BD-A861-A1F7A868C6E2}.Release|x86.ActiveCfg = Release|Win32
		{EAF622D4-05A6-44BD-A861-A1F7A868C6E2}.Release|x86.Build.0 = Release|Win32
		{05E71FF4-691A-4BFB-A7DE-A5D30CAE863C}.Debug|x64.ActiveCfg = Debug|x64
		{05E71FF4-691A-4BFB-A7DE-A5D30CAE863C}.Debug|x64.Build.0 = Debug|x64
		{05E71FF4-691A-4BFB-A7DE-A5D30CAE863C}.Debug|x86.ActiveCfg = Debug|Win32
		{05E71FF4-691A-4BFB-A7DE-A5D30CAE863C}.Debug|x86.Build.0 = Debug|Win32
		{05E71FF4-691A-4BFB-A7DE-A5D30CAE863C}.Release|x64.ActiveCfg = Release|x64
		{05E71FF4-691A-4BFB-A7DE-A5D30CAE863C}.Release|x64.Build.0 = Release|x64
		{05E71FF4-691A-4BFB-A7DE-A5D30CAE863C}.Release|x86.ActiveCfg = Release|Win32
		{05E71FF4-691A-4BFB-A7DE-A5D30CAE863C}.Release|x86.Build.0 = Release|Win32
		{4F1974AA-5D07-4D84-B387-DE72544DE871}.Debug|x64.ActiveCfg = Debug|x64
		{4F1974AA-5D07-4D84-B387-DE72544DE871}.Debug|x64.Build.0 = Debug|x64
		{4F1974AA-5D07-4D84-B387-DE72544DE871}.Debug|x86.ActiveCfg = Debug|Win32
		{4F1974AA-5D07-4D84-B387-DE72544DE871}.Debug|x86.Build.0 = Debug|Win32
		{4F1974AA-5D07-4D84-B387-DE72544DE871}.Release|x64.ActiveCfg = Release|x64
		{4F1974AA-5D07-4D84-B387-DE72544DE871}.Release|x64.Build.0 = Release|x64
		{4F1974AA-5D07-4D84-B387-DE72544DE871}.Release|x86.ActiveCfg = Release|Win32
		{4F1974AA-5D07-4D84-B387-DE72544DE871}.Release|x86.Build.0 = Release|Win32
		{6BBED0D8-F6D6-45F8-A959-01FDD1160F77}.Debug|x64.ActiveCfg = Debug|x64
		{6BBED0D8-F6D6-45F8-A959-01FDD1160F77}.Debug|x64.Build.0 = Debug|x64
		{6BBED0D8-F6D6-45F8-A959-01FDD1160F77}.Debug|x86.ActiveCfg = Debug|Win32
		{6BBED0D8-F6D6-45F8-A959-01FDD1160F77}.Debug|x86.Build.0 = Debug|Win32
		{6BBED0D8-F6D6-45F8-A959-01FDD1160F77}.Release|x64.ActiveCfg = Release|x64
		{6BBED0D8-F6D6-45F8-A959-01FDD1160F77}.Release|x64.Build.0 = Release|x64
		{6BBED0D8-F6D6-45F8-A959-01FDD1160F77}.Release|x86.ActiveCfg = Release|Win32
		{6BBED0D8-F6D6-45F8-A959-01FDD1160F77}.Release|x86.Build.0 = Release|Win32
		{70B37454-79B8-4D8B-A5CA-CD72CBE68583}.Debug|x64.ActiveCfg = Debug|x64
		{70B37454-79B8-4D8B-A5CA-CD72CBE68583}.Debug|x64.Build.0 = Debug|x64
		{70B37454-79B8-4D8B-A5CA-CD72CBE68583}.Debug|x86.ActiveCfg = Debug|Win32
		{70B37454-79B8-4D8B-A5CA-CD72CBE68583}.Debug|x86.Build.0 = Debug|Win32
		{70B37454-79B8-4D8B-A5CA-CD72CBE68583}.Release|x64.ActiveCfg = Release|x64
		{70B37454-79B8-4D8B-A5CA-CD72CBE68583}.Release|x64.Build.0 = Release|x64
		{70B37454-79B8-4D8B-A5CA-CD72CBE68583}.Release|x86.ActiveCfg = Release|Win32
		{70B37454-79B8-4D8B-A5CA-CD72CBE68583}.Release|x86.Build.0 = Release|Win32
		{8AAD7591-7D04-4DF3-B5FD-586B0BCAFD0D}.Debug|x64.ActiveCfg = Debug|x64
		{8AAD7591-7D04-4DF3-B5FD-586B0BCAFD0D}.Debug|x64.Build.0 = Debug|x64
		{8AAD7591-7D04-4DF3-B5FD-586B0BCAFD0D}.Debug|x86.ActiveCfg = Debug|Win32
		{8AAD7591-7D04-4DF3-B5FD-586B0BCAFD0D}.Debug|x86.Build.0 = Debug|Win32
		{8AAD7591-7D04-4DF3-B5FD-586B0BCAFD0D}.Release|x64.ActiveCfg = Release|x64
		{8AAD7591-7D04-4DF3-B5FD-586B0BCAFD0D}.Release|x64.Build.0 = Release|x64
		{8AAD7591-7D04-4DF3-B5FD-586B0BCAFD0D}.Release|x86.ActiveCfg = Release|Win32
		{8AAD7591-7D04-4DF3-B5FD-586B0BCAFD0D}.Release|x86.Build.0 = Release|Win32
		{055A1BC4-3129-41EB-BB45-ABBFF8B2DC31}.Debug|x64.ActiveCfg = Debug|x64
		{055A1BC4-3129-41EB-BB45-ABBFF8B2DC31}.Debug|x64.Build.0 = Debug|x64
		{055A1BC4-3129-41EB-BB45-ABBFF8B2DC31}.Debug|x86.ActiveCfg = Debug|Win32
		{055A1BC4-3129-41EB-BB45-ABBFF8B2DC31}.Debug|x86.Build.0 = Debug|Win32
		{055A1BC4-3129-41EB-BB45-ABBFF8B2DC31}.Release|x64.ActiveCfg = Release|x64
		{055A1BC4-3129-41EB-BB45-ABBFF8B2DC31}.Release|x64.Build.0 = Release|x64
		{055A1BC4-3129-41EB-BB45-ABBFF8B2DC31}.Release|x86.ActiveCfg = Release|Win32
		{055A1BC4-3129-41EB-BB45-ABBFF8B2DC31}.Release|x86.Build.0 = Release|Win32
		{C501304F-D378-40C3-86DC-82E54D0B9233}.Debug|x64.ActiveCfg = Debug|x64
		{C501304F-D378-40C3-86DC-82E54D0B9233}.Debug|x64.Build.0 = Debug|x64
		{C501304F-D378-40C3-86DC-82E54D0B9233}.Debug|x86.ActiveCfg = Debug|Win32
		{C501304F-D378-40C3-86DC-82E54D0B9233}.Debug|x86.Build.0 = Debug|Win32
		{C501304F-D378-40C3-86DC-82E54D0B9233}.Release|x64.ActiveCfg = Release|x64
		{C501304F-D378-40C3-86DC-82E54D0B9233}.Release|x64.Build.0 = Release|x64
		{C501304F-D378-40C3-86DC-82E54D0B9233}.Release|x86.ActiveCfg = Release|Win32
		{C501304F-D378-40C3-86DC-82E54D0B9233}.Release|x86.Build.0 = Release|Win32
		{539C2480-7136-4CB3-90C5-8512B16A4E44}.Debug|x64.ActiveCfg = Debug|x64
		{539C2480-7136-4CB3-90C5-8512B16A4E44}.Debug|x64.Build.0 = Debug|x64
		{539C2480-7136-4CB3-90C5-8512B16A4E44}.Debug|x86.ActiveCfg = Debug|Win32
		{539C2480-7136-4CB3-90C5-8512B16A4E44}.Debug|x86.Build.0 = Debug|Win32
		{539C2480-7136-4CB3-90C5-8512B16A4E44}.Release|x64.ActiveCfg = Release|x64
		{539C2480-7136-4CB3-90C5-8512B16A4E44}.Release|x64.Build.0 = Release|x64
		{539C2480-7136-4CB3-90C5-8512B16A4E44}.Release|x86.ActiveCfg = Release|Win32
		{539C2480-7136-4CB3-90C5-8512B16A4E44}.Release|x86.Build.0 = Release|Win32
		{06E793AE-3EE7-43D0-A889-E2CD3A7541CB}.Debug|x64.ActiveCfg = Debug|x64
		{06E793AE-3EE7-43D0-A889-E2CD3A7541CB}.Debug|x64.Build.0 = Debug|x64
		{06E793AE-3EE7-43D0-A889-E2CD3A7541CB}.Debug|x86.ActiveCfg = Debug|Win32
		{06E793AE-3EE7-43D0-A889-E2CD3A7541CB}.Debug|x86.Build.0 = Debug|Win32
		{06E793AE-3EE7-43D0-A889-E2CD3A7541CB}.Release|x64.ActiveCfg = Release|x64
		{06E793AE-3EE7-43D0-A889-E2CD3A7541CB}.Release|x64.Build.0 = Release|x64
		{06E793AE-3EE7-43D0-A889-E2CD3A7541CB}.Release|x86.ActiveCfg = Release|Win32
		{06E793AE-3EE7-43D0-A889-E2CD3A7541CB}.Release|x86.Build.0 = Release|Win32
	EndGlobalSection
	GlobalSection(SolutionProperties) = preSolution
		HideSolutionNode = FALSE
	EndGlobalSection
	GlobalSection(ExtensibilityGlobals) = postSolution
		SolutionGuid = {B5EDD1B9-A61E-4C27-8E9E-D331C34A4E42}
	EndGlobalSection
EndGlobal
